
Microsoft Visual Studio Solution File, Format Version 12.00
# Visual Studio 15
VisualStudioVersion = 15.0.28307.1231
MinimumVisualStudioVersion = 10.0.40219.1
Project("{FAE04EC0-301F-11D3-BF4B-00C04F79EFBC}") = "SomadeQuadrados", "SomadeQuadrados\SomadeQuadrados.csproj", "{14DA1CD0-D94C-4E67-84A3-CF1BCB26607C}"
EndProject
Global
	GlobalSection(SolutionConfigurationPlatforms) = preSolution
		Debug|Any CPU = Debug|Any CPU
		Release|Any CPU = Release|Any CPU
	EndGlobalSection
	GlobalSection(ProjectConfigurationPlatforms) = postSolution
		{14DA1CD0-D94C-4E67-84A3-CF1BCB26607C}.Debug|Any CPU.ActiveCfg = Debug|Any CPU
		{14DA1CD0-D94C-4E67-84A3-CF1BCB26607C}.Debug|Any CPU.Build.0 = Debug|Any CPU
		{14DA1CD0-D94C-4E67-84A3-CF1BCB26607C}.Release|Any CPU.ActiveCfg = Release|Any CPU
		{14DA1CD0-D94C-4E67-84A3-CF1BCB26607C}.Release|Any CPU.Build.0 = Release|Any CPU
	EndGlobalSection
	GlobalSection(SolutionProperties) = preSolution
		HideSolutionNode = FALSE
	EndGlobalSection
	GlobalSection(ExtensibilityGlobals) = postSolution
		SolutionGuid = {1DD322ED-09DC-47CB-8F48-5CF231F90EAF}
	EndGlobalSection
EndGlobal
